
Microsoft Visual Studio Solution File, Format Version 12.00
# Visual Studio 15
VisualStudioVersion = 15.0.28307.106
MinimumVisualStudioVersion = 10.0.40219.1
Project("{FAE04EC0-301F-11D3-BF4B-00C04F79EFBC}") = "HollowCards", "HollowCards\HollowCards.csproj", "{A35713D0-C485-459F-9F39-19DDA323C4A4}"
EndProject
Project("{FAE04EC0-301F-11D3-BF4B-00C04F79EFBC}") = "HollowCards.Console", "HollowCards.Console\HollowCards.Console.csproj", "{07617D02-6FFA-4A25-BA9D-AFCA7AAF54EA}"
EndProject
Global
	GlobalSection(SolutionConfigurationPlatforms) = preSolution
		Debug|Any CPU = Debug|Any CPU
		Release|Any CPU = Release|Any CPU
	EndGlobalSection
	GlobalSection(ProjectConfigurationPlatforms) = postSolution
		{A35713D0-C485-459F-9F39-19DDA323C4A4}.Debug|Any CPU.ActiveCfg = Debug|Any CPU
		{A35713D0-C485-459F-9F39-19DDA323C4A4}.Debug|Any CPU.Build.0 = Debug|Any CPU
		{A35713D0-C485-459F-9F39-19DDA323C4A4}.Release|Any CPU.ActiveCfg = Release|Any CPU
		{A35713D0-C485-459F-9F39-19DDA323C4A4}.Release|Any CPU.Build.0 = Release|Any CPU
		{07617D02-6FFA-4A25-BA9D-AFCA7AAF54EA}.Debug|Any CPU.ActiveCfg = Debug|Any CPU
		{07617D02-6FFA-4A25-BA9D-AFCA7AAF54EA}.Debug|Any CPU.Build.0 = Debug|Any CPU
		{07617D02-6FFA-4A25-BA9D-AFCA7AAF54EA}.Release|Any CPU.ActiveCfg = Release|Any CPU
		{07617D02-6FFA-4A25-BA9D-AFCA7AAF54EA}.Release|Any CPU.Build.0 = Release|Any CPU
	EndGlobalSection
	GlobalSection(SolutionProperties) = preSolution
		HideSolutionNode = FALSE
	EndGlobalSection
	GlobalSection(ExtensibilityGlobals) = postSolution
		SolutionGuid = {16B50460-E2D4-4C60-B082-D7CC017F92F4}
	EndGlobalSection
EndGlobal
